
Microsoft Visual Studio Solution File, Format Version 12.00
# Visual Studio Version 16
VisualStudioVersion = 16.0.32413.511
MinimumVisualStudioVersion = 10.0.40219.1
Project("{9A19103F-16F7-4668-BE54-9A1E7A4F7556}") = "E4Oto.Main", "E4Oto.Main\E4Oto.Main.csproj", "{77FB8AFF-4021-4075-AE3C-61A75A7FB4E4}"
EndProject
Project("{9A19103F-16F7-4668-BE54-9A1E7A4F7556}") = "E4Oto.Data", "E4Oto.Data\E4Oto.Data.csproj", "{9B82A680-8AAA-4200-98A3-3F996942C9DF}"
EndProject
Project("{9A19103F-16F7-4668-BE54-9A1E7A4F7556}") = "E4Oto.DAL", "E4Oto.DAL\E4Oto.DAL.csproj", "{0AA0B539-53F5-4622-B8C6-1CFBFBFC3E49}"
EndProject
Project("{FAE04EC0-301F-11D3-BF4B-00C04F79EFBC}") = "E4Oto.Crypt", "E4Oto.Crypt\E4Oto.Crypt.csproj", "{084761F4-8499-4476-BB75-00CE729DF7A3}"
EndProject
Global
	GlobalSection(SolutionConfigurationPlatforms) = preSolution
		Debug|Any CPU = Debug|Any CPU
		Release|Any CPU = Release|Any CPU
	EndGlobalSection
	GlobalSection(ProjectConfigurationPlatforms) = postSolution
		{77FB8AFF-4021-4075-AE3C-61A75A7FB4E4}.Debug|Any CPU.ActiveCfg = Debug|Any CPU
		{77FB8AFF-4021-4075-AE3C-61A75A7FB4E4}.Debug|Any CPU.Build.0 = Debug|Any CPU
		{77FB8AFF-4021-4075-AE3C-61A75A7FB4E4}.Release|Any CPU.ActiveCfg = Release|Any CPU
		{77FB8AFF-4021-4075-AE3C-61A75A7FB4E4}.Release|Any CPU.Build.0 = Release|Any CPU
		{9B82A680-8AAA-4200-98A3-3F996942C9DF}.Debug|Any CPU.ActiveCfg = Debug|Any CPU
		{9B82A680-8AAA-4200-98A3-3F996942C9DF}.Debug|Any CPU.Build.0 = Debug|Any CPU
		{9B82A680-8AAA-4200-98A3-3F996942C9DF}.Release|Any CPU.ActiveCfg = Release|Any CPU
		{9B82A680-8AAA-4200-98A3-3F996942C9DF}.Release|Any CPU.Build.0 = Release|Any CPU
		{0AA0B539-53F5-4622-B8C6-1CFBFBFC3E49}.Debug|Any CPU.ActiveCfg = Debug|Any CPU
		{0AA0B539-53F5-4622-B8C6-1CFBFBFC3E49}.Debug|Any CPU.Build.0 = Debug|Any CPU
		{0AA0B539-53F5-4622-B8C6-1CFBFBFC3E49}.Release|Any CPU.ActiveCfg = Release|Any CPU
		{0AA0B539-53F5-4622-B8C6-1CFBFBFC3E49}.Release|Any CPU.Build.0 = Release|Any CPU
		{084761F4-8499-4476-BB75-00CE729DF7A3}.Debug|Any CPU.ActiveCfg = Debug|Any CPU
		{084761F4-8499-4476-BB75-00CE729DF7A3}.Debug|Any CPU.Build.0 = Debug|Any CPU
		{084761F4-8499-4476-BB75-00CE729DF7A3}.Release|Any CPU.ActiveCfg = Release|Any CPU
		{084761F4-8499-4476-BB75-00CE729DF7A3}.Release|Any CPU.Build.0 = Release|Any CPU
	EndGlobalSection
	GlobalSection(SolutionProperties) = preSolution
		HideSolutionNode = FALSE
	EndGlobalSection
	GlobalSection(ExtensibilityGlobals) = postSolution
		SolutionGuid = {9ADDC84E-BD9F-42E4-8DFC-A10C3AF5B831}
	EndGlobalSection
EndGlobal
